
Microsoft Visual Studio Solution File, Format Version 12.00
# Visual Studio Version 17
VisualStudioVersion = 17.0.31903.59
MinimumVisualStudioVersion = 10.0.40219.1
Project("{FAE04EC0-301F-11D3-BF4B-00C04F79EFBC}") = "01", "01\01.csproj", "{440943B5-089D-49BC-AC32-D5DCFC3F7144}"
EndProject
Project("{FAE04EC0-301F-11D3-BF4B-00C04F79EFBC}") = "01-pt2", "01-pt2\01-pt2.csproj", "{DCD5FB5E-D8D4-4E42-B452-05764A15DAB2}"
EndProject
Project("{FAE04EC0-301F-11D3-BF4B-00C04F79EFBC}") = "02", "02\02.csproj", "{E5688C70-5FA8-42DB-8ADB-A121F307C506}"
EndProject
Project("{FAE04EC0-301F-11D3-BF4B-00C04F79EFBC}") = "02-pt2", "02-pt2\02-pt2.csproj", "{474A497A-3937-4016-9884-015719689FDD}"
EndProject
Project("{FAE04EC0-301F-11D3-BF4B-00C04F79EFBC}") = "03", "03\03.csproj", "{EDF71A12-5DA8-4557-A08F-4252FB97F8C2}"
EndProject
Project("{FAE04EC0-301F-11D3-BF4B-00C04F79EFBC}") = "03-pt2", "03-pt2\03-pt2.csproj", "{F252AD01-D62A-413B-BA67-C6798AB5CFE0}"
EndProject
Project("{FAE04EC0-301F-11D3-BF4B-00C04F79EFBC}") = "04", "04\04.csproj", "{52526410-A9AE-4753-B631-70C53725AC81}"
EndProject
Project("{FAE04EC0-301F-11D3-BF4B-00C04F79EFBC}") = "04-pt2", "04-pt2\04-pt2.csproj", "{EB1E64FB-B930-4ED8-9303-486D5EF5ECB6}"
EndProject
Project("{FAE04EC0-301F-11D3-BF4B-00C04F79EFBC}") = "05", "05\05.csproj", "{42444E96-C4F8-4910-A631-60D644908E34}"
EndProject
Project("{FAE04EC0-301F-11D3-BF4B-00C04F79EFBC}") = "05-pt2", "05-pt2\05-pt2.csproj", "{7FDBC0BB-2558-43B2-981C-B4C73EF61B89}"
EndProject
Project("{FAE04EC0-301F-11D3-BF4B-00C04F79EFBC}") = "06", "06\06.csproj", "{04056267-E75C-4D2E-9474-4E1D147F7B38}"
EndProject
Project("{FAE04EC0-301F-11D3-BF4B-00C04F79EFBC}") = "06-pt2", "06-pt2\06-pt2.csproj", "{7FC38CDA-43B9-47FF-A3AF-A7D787C5701B}"
EndProject
Project("{FAE04EC0-301F-11D3-BF4B-00C04F79EFBC}") = "07", "07\07.csproj", "{0EDF2C55-76A5-481B-8F55-9331D388A983}"
EndProject
Project("{FAE04EC0-301F-11D3-BF4B-00C04F79EFBC}") = "07-pt2", "07-pt2\07-pt2.csproj", "{DAFB41F4-190C-4B6A-AE0D-8DCBC30E9965}"
EndProject
Project("{FAE04EC0-301F-11D3-BF4B-00C04F79EFBC}") = "08", "08\08.csproj", "{64A2412E-41A8-47E7-9E2C-21F9A050B098}"
EndProject
Project("{FAE04EC0-301F-11D3-BF4B-00C04F79EFBC}") = "08-pt2", "08-pt2\08-pt2.csproj", "{CD047FD5-5B11-4499-B9AC-24274FD3E5C8}"
EndProject
Project("{FAE04EC0-301F-11D3-BF4B-00C04F79EFBC}") = "09", "09\09.csproj", "{B2A377FA-5265-451D-A599-1A68D497265F}"
EndProject
Project("{FAE04EC0-301F-11D3-BF4B-00C04F79EFBC}") = "09-pt2", "09-pt2\09-pt2.csproj", "{C12EA412-075C-45F2-A19D-51DD92AFAE5A}"
EndProject
Project("{FAE04EC0-301F-11D3-BF4B-00C04F79EFBC}") = "10", "10\10.csproj", "{654AB760-D3EB-4D30-88B7-86153BC69EA4}"
EndProject
Project("{FAE04EC0-301F-11D3-BF4B-00C04F79EFBC}") = "10-pt2", "10-pt2\10-pt2.csproj", "{10375803-F619-4EE2-9B2F-96055269DE41}"
EndProject
Global
	GlobalSection(SolutionConfigurationPlatforms) = preSolution
		Debug|Any CPU = Debug|Any CPU
		Release|Any CPU = Release|Any CPU
	EndGlobalSection
	GlobalSection(SolutionProperties) = preSolution
		HideSolutionNode = FALSE
	EndGlobalSection
	GlobalSection(ProjectConfigurationPlatforms) = postSolution
		{440943B5-089D-49BC-AC32-D5DCFC3F7144}.Debug|Any CPU.ActiveCfg = Debug|Any CPU
		{440943B5-089D-49BC-AC32-D5DCFC3F7144}.Debug|Any CPU.Build.0 = Debug|Any CPU
		{440943B5-089D-49BC-AC32-D5DCFC3F7144}.Release|Any CPU.ActiveCfg = Release|Any CPU
		{440943B5-089D-49BC-AC32-D5DCFC3F7144}.Release|Any CPU.Build.0 = Release|Any CPU
		{DCD5FB5E-D8D4-4E42-B452-05764A15DAB2}.Debug|Any CPU.ActiveCfg = Debug|Any CPU
		{DCD5FB5E-D8D4-4E42-B452-05764A15DAB2}.Debug|Any CPU.Build.0 = Debug|Any CPU
		{DCD5FB5E-D8D4-4E42-B452-05764A15DAB2}.Release|Any CPU.ActiveCfg = Release|Any CPU
		{DCD5FB5E-D8D4-4E42-B452-05764A15DAB2}.Release|Any CPU.Build.0 = Release|Any CPU
		{E5688C70-5FA8-42DB-8ADB-A121F307C506}.Debug|Any CPU.ActiveCfg = Debug|Any CPU
		{E5688C70-5FA8-42DB-8ADB-A121F307C506}.Debug|Any CPU.Build.0 = Debug|Any CPU
		{E5688C70-5FA8-42DB-8ADB-A121F307C506}.Release|Any CPU.ActiveCfg = Release|Any CPU
		{E5688C70-5FA8-42DB-8ADB-A121F307C506}.Release|Any CPU.Build.0 = Release|Any CPU
		{474A497A-3937-4016-9884-015719689FDD}.Debug|Any CPU.ActiveCfg = Debug|Any CPU
		{474A497A-3937-4016-9884-015719689FDD}.Debug|Any CPU.Build.0 = Debug|Any CPU
		{474A497A-3937-4016-9884-015719689FDD}.Release|Any CPU.ActiveCfg = Release|Any CPU
		{474A497A-3937-4016-9884-015719689FDD}.Release|Any CPU.Build.0 = Release|Any CPU
		{EDF71A12-5DA8-4557-A08F-4252FB97F8C2}.Debug|Any CPU.ActiveCfg = Debug|Any CPU
		{EDF71A12-5DA8-4557-A08F-4252FB97F8C2}.Debug|Any CPU.Build.0 = Debug|Any CPU
		{EDF71A12-5DA8-4557-A08F-4252FB97F8C2}.Release|Any CPU.ActiveCfg = Release|Any CPU
		{EDF71A12-5DA8-4557-A08F-4252FB97F8C2}.Release|Any CPU.Build.0 = Release|Any CPU
		{F252AD01-D62A-413B-BA67-C6798AB5CFE0}.Debug|Any CPU.ActiveCfg = Debug|Any CPU
		{F252AD01-D62A-413B-BA67-C6798AB5CFE0}.Debug|Any CPU.Build.0 = Debug|Any CPU
		{F252AD01-D62A-413B-BA67-C6798AB5CFE0}.Release|Any CPU.ActiveCfg = Release|Any CPU
		{F252AD01-D62A-413B-BA67-C6798AB5CFE0}.Release|Any CPU.Build.0 = Release|Any CPU
		{52526410-A9AE-4753-B631-70C53725AC81}.Debug|Any CPU.ActiveCfg = Debug|Any CPU
		{52526410-A9AE-4753-B631-70C53725AC81}.Debug|Any CPU.Build.0 = Debug|Any CPU
		{52526410-A9AE-4753-B631-70C53725AC81}.Release|Any CPU.ActiveCfg = Release|Any CPU
		{52526410-A9AE-4753-B631-70C53725AC81}.Release|Any CPU.Build.0 = Release|Any CPU
		{EB1E64FB-B930-4ED8-9303-486D5EF5ECB6}.Debug|Any CPU.ActiveCfg = Debug|Any CPU
		{EB1E64FB-B930-4ED8-9303-486D5EF5ECB6}.Debug|Any CPU.Build.0 = Debug|Any CPU
		{EB1E64FB-B930-4ED8-9303-486D5EF5ECB6}.Release|Any CPU.ActiveCfg = Release|Any CPU
		{EB1E64FB-B930-4ED8-9303-486D5EF5ECB6}.Release|Any CPU.Build.0 = Release|Any CPU
		{42444E96-C4F8-4910-A631-60D644908E34}.Debug|Any CPU.ActiveCfg = Debug|Any CPU
		{42444E96-C4F8-4910-A631-60D644908E34}.Debug|Any CPU.Build.0 = Debug|Any CPU
		{42444E96-C4F8-4910-A631-60D644908E34}.Release|Any CPU.ActiveCfg = Release|Any CPU
		{42444E96-C4F8-4910-A631-60D644908E34}.Release|Any CPU.Build.0 = Release|Any CPU
		{7FDBC0BB-2558-43B2-981C-B4C73EF61B89}.Debug|Any CPU.ActiveCfg = Debug|Any CPU
		{7FDBC0BB-2558-43B2-981C-B4C73EF61B89}.Debug|Any CPU.Build.0 = Debug|Any CPU
		{7FDBC0BB-2558-43B2-981C-B4C73EF61B89}.Release|Any CPU.ActiveCfg = Release|Any CPU
		{7FDBC0BB-2558-43B2-981C-B4C73EF61B89}.Release|Any CPU.Build.0 = Release|Any CPU
		{04056267-E75C-4D2E-9474-4E1D147F7B38}.Debug|Any CPU.ActiveCfg = Debug|Any CPU
		{04056267-E75C-4D2E-9474-4E1D147F7B38}.Debug|Any CPU.Build.0 = Debug|Any CPU
		{04056267-E75C-4D2E-9474-4E1D147F7B38}.Release|Any CPU.ActiveCfg = Release|Any CPU
		{04056267-E75C-4D2E-9474-4E1D147F7B38}.Release|Any CPU.Build.0 = Release|Any CPU
		{7FC38CDA-43B9-47FF-A3AF-A7D787C5701B}.Debug|Any CPU.ActiveCfg = Debug|Any CPU
		{7FC38CDA-43B9-47FF-A3AF-A7D787C5701B}.Debug|Any CPU.Build.0 = Debug|Any CPU
		{7FC38CDA-43B9-47FF-A3AF-A7D787C5701B}.Release|Any CPU.ActiveCfg = Release|Any CPU
		{7FC38CDA-43B9-47FF-A3AF-A7D787C5701B}.Release|Any CPU.Build.0 = Release|Any CPU
		{0EDF2C55-76A5-481B-8F55-9331D388A983}.Debug|Any CPU.ActiveCfg = Debug|Any CPU
		{0EDF2C55-76A5-481B-8F55-9331D388A983}.Debug|Any CPU.Build.0 = Debug|Any CPU
		{0EDF2C55-76A5-481B-8F55-9331D388A983}.Release|Any CPU.ActiveCfg = Release|Any CPU
		{0EDF2C55-76A5-481B-8F55-9331D388A983}.Release|Any CPU.Build.0 = Release|Any CPU
		{DAFB41F4-190C-4B6A-AE0D-8DCBC30E9965}.Debug|Any CPU.ActiveCfg = Debug|Any CPU
		{DAFB41F4-190C-4B6A-AE0D-8DCBC30E9965}.Debug|Any CPU.Build.0 = Debug|Any CPU
		{DAFB41F4-190C-4B6A-AE0D-8DCBC30E9965}.Release|Any CPU.ActiveCfg = Release|Any CPU
		{DAFB41F4-190C-4B6A-AE0D-8DCBC30E9965}.Release|Any CPU.Build.0 = Release|Any CPU
		{64A2412E-41A8-47E7-9E2C-21F9A050B098}.Debug|Any CPU.ActiveCfg = Debug|Any CPU
		{64A2412E-41A8-47E7-9E2C-21F9A050B098}.Debug|Any CPU.Build.0 = Debug|Any CPU
		{64A2412E-41A8-47E7-9E2C-21F9A050B098}.Release|Any CPU.ActiveCfg = Release|Any CPU
		{64A2412E-41A8-47E7-9E2C-21F9A050B098}.Release|Any CPU.Build.0 = Release|Any CPU
		{CD047FD5-5B11-4499-B9AC-24274FD3E5C8}.Debug|Any CPU.ActiveCfg = Debug|Any CPU
		{CD047FD5-5B11-4499-B9AC-24274FD3E5C8}.Debug|Any CPU.Build.0 = Debug|Any CPU
		{CD047FD5-5B11-4499-B9AC-24274FD3E5C8}.Release|Any CPU.ActiveCfg = Release|Any CPU
		{CD047FD5-5B11-4499-B9AC-24274FD3E5C8}.Release|Any CPU.Build.0 = Release|Any CPU
		{B2A377FA-5265-451D-A599-1A68D497265F}.Debug|Any CPU.ActiveCfg = Debug|Any CPU
		{B2A377FA-5265-451D-A599-1A68D497265F}.Debug|Any CPU.Build.0 = Debug|Any CPU
		{B2A377FA-5265-451D-A599-1A68D497265F}.Release|Any CPU.ActiveCfg = Release|Any CPU
		{B2A377FA-5265-451D-A599-1A68D497265F}.Release|Any CPU.Build.0 = Release|Any CPU
		{C12EA412-075C-45F2-A19D-51DD92AFAE5A}.Debug|Any CPU.ActiveCfg = Debug|Any CPU
		{C12EA412-075C-45F2-A19D-51DD92AFAE5A}.Debug|Any CPU.Build.0 = Debug|Any CPU
		{C12EA412-075C-45F2-A19D-51DD92AFAE5A}.Release|Any CPU.ActiveCfg = Release|Any CPU
		{C12EA412-075C-45F2-A19D-51DD92AFAE5A}.Release|Any CPU.Build.0 = Release|Any CPU
		{654AB760-D3EB-4D30-88B7-86153BC69EA4}.Debug|Any CPU.ActiveCfg = Debug|Any CPU
		{654AB760-D3EB-4D30-88B7-86153BC69EA4}.Debug|Any CPU.Build.0 = Debug|Any CPU
		{654AB760-D3EB-4D30-88B7-86153BC69EA4}.Release|Any CPU.ActiveCfg = Release|Any CPU
		{654AB760-D3EB-4D30-88B7-86153BC69EA4}.Release|Any CPU.Build.0 = Release|Any CPU
		{10375803-F619-4EE2-9B2F-96055269DE41}.Debug|Any CPU.ActiveCfg = Debug|Any CPU
		{10375803-F619-4EE2-9B2F-96055269DE41}.Debug|Any CPU.Build.0 = Debug|Any CPU
		{10375803-F619-4EE2-9B2F-96055269DE41}.Release|Any CPU.ActiveCfg = Release|Any CPU
		{10375803-F619-4EE2-9B2F-96055269DE41}.Release|Any CPU.Build.0 = Release|Any CPU
	EndGlobalSection
EndGlobal
